{
  "version": 4,
  "terraform_version": "1.2.2",
  "serial": 40,
  "lineage": "d8eac34d-8738-b5e6-5f91-3d471e11bb01",
  "outputs": {
    "external_ip_address_node01": {
      "value": "51.250.65.195",
      "type": "string"
    },
    "external_ip_address_node02": {
      "value": "51.250.67.70",
      "type": "string"
    },
    "external_ip_address_node03": {
      "value": "51.250.95.107",
      "type": "string"
    },
    "external_ip_address_node04": {
      "value": "51.250.94.132",
      "type": "string"
    },
    "external_ip_address_node05": {
      "value": "51.250.82.165",
      "type": "string"
    },
    "external_ip_address_node06": {
      "value": "51.250.81.248",
      "type": "string"
    },
    "internal_ip_address_node01": {
      "value": "192.168.101.11",
      "type": "string"
    },
    "internal_ip_address_node02": {
      "value": "192.168.101.12",
      "type": "string"
    },
    "internal_ip_address_node03": {
      "value": "192.168.101.13",
      "type": "string"
    },
    "internal_ip_address_node04": {
      "value": "192.168.101.14",
      "type": "string"
    },
    "internal_ip_address_node05": {
      "value": "192.168.101.15",
      "type": "string"
    },
    "internal_ip_address_node06": {
      "value": "192.168.101.16",
      "type": "string"
    }
  },
  "resources": [
    {
      "mode": "managed",
      "type": "local_file",
      "name": "inventory",
      "provider": "provider[\"registry.terraform.io/hashicorp/local\"]",
      "instances": [
        {
          "schema_version": 0,
          "attributes": {
            "content": "# Ansible inventory containing variable values from Terraform.\n# Generated by Terraform.\n\n[nodes:children]\nmanagers\nworkers\n\n[managers:children]\nactive\nstandby\n\n[active]\nnode01.netology.yc ansible_host=51.250.65.195\n\n[standby]\nnode02.netology.yc ansible_host=51.250.67.70\nnode03.netology.yc ansible_host=51.250.95.107\n\n[workers]\nnode04.netology.yc ansible_host=51.250.94.132\nnode05.netology.yc ansible_host=51.250.82.165\nnode06.netology.yc ansible_host=51.250.81.248\n",
            "content_base64": null,
            "directory_permission": "0777",
            "file_permission": "0777",
            "filename": "../ansible/inventory",
            "id": "da050d3a214d8e3f514dd45ff547d60db20b8e9a",
            "sensitive_content": null,
            "source": null
          },
          "sensitive_attributes": [],
          "private": "bnVsbA==",
          "dependencies": [
            "yandex_compute_instance.node01",
            "yandex_compute_instance.node02",
            "yandex_compute_instance.node03",
            "yandex_compute_instance.node04",
            "yandex_compute_instance.node05",
            "yandex_compute_instance.node06",
            "yandex_vpc_network.default",
            "yandex_vpc_subnet.default"
          ]
        }
      ]
    },
    {
      "mode": "managed",
      "type": "null_resource",
      "name": "cluster",
      "provider": "provider[\"registry.terraform.io/hashicorp/null\"]",
      "instances": [
        {
          "schema_version": 0,
          "attributes": {
            "id": "4681539797226931349",
            "triggers": null
          },
          "sensitive_attributes": [],
          "private": "bnVsbA==",
          "dependencies": [
            "local_file.inventory",
            "null_resource.wait",
            "yandex_compute_instance.node01",
            "yandex_compute_instance.node02",
            "yandex_compute_instance.node03",
            "yandex_compute_instance.node04",
            "yandex_compute_instance.node05",
            "yandex_compute_instance.node06",
            "yandex_vpc_network.default",
            "yandex_vpc_subnet.default"
          ]
        }
      ]
    },
    {
      "mode": "managed",
      "type": "null_resource",
      "name": "monitoring",
      "provider": "provider[\"registry.terraform.io/hashicorp/null\"]",
      "instances": [
        {
          "schema_version": 0,
          "attributes": {
            "id": "7190367581859988788",
            "triggers": null
          },
          "sensitive_attributes": [],
          "private": "bnVsbA==",
          "dependencies": [
            "local_file.inventory",
            "null_resource.cluster",
            "null_resource.sync",
            "null_resource.wait",
            "yandex_compute_instance.node01",
            "yandex_compute_instance.node02",
            "yandex_compute_instance.node03",
            "yandex_compute_instance.node04",
            "yandex_compute_instance.node05",
            "yandex_compute_instance.node06",
            "yandex_vpc_network.default",
            "yandex_vpc_subnet.default"
          ]
        }
      ]
    },
    {
      "mode": "managed",
      "type": "null_resource",
      "name": "sync",
      "provider": "provider[\"registry.terraform.io/hashicorp/null\"]",
      "instances": [
        {
          "schema_version": 0,
          "attributes": {
            "id": "3045979728782410232",
            "triggers": null
          },
          "sensitive_attributes": [],
          "private": "bnVsbA==",
          "dependencies": [
            "local_file.inventory",
            "null_resource.cluster",
            "null_resource.wait",
            "yandex_compute_instance.node01",
            "yandex_compute_instance.node02",
            "yandex_compute_instance.node03",
            "yandex_compute_instance.node04",
            "yandex_compute_instance.node05",
            "yandex_compute_instance.node06",
            "yandex_vpc_network.default",
            "yandex_vpc_subnet.default"
          ]
        }
      ]
    },
    {
      "mode": "managed",
      "type": "null_resource",
      "name": "wait",
      "provider": "provider[\"registry.terraform.io/hashicorp/null\"]",
      "instances": [
        {
          "schema_version": 0,
          "attributes": {
            "id": "7588532258212447705",
            "triggers": null
          },
          "sensitive_attributes": [],
          "private": "bnVsbA==",
          "dependencies": [
            "local_file.inventory",
            "yandex_compute_instance.node01",
            "yandex_compute_instance.node02",
            "yandex_compute_instance.node03",
            "yandex_compute_instance.node04",
            "yandex_compute_instance.node05",
            "yandex_compute_instance.node06",
            "yandex_vpc_network.default",
            "yandex_vpc_subnet.default"
          ]
        }
      ]
    },
    {
      "mode": "managed",
      "type": "yandex_compute_instance",
      "name": "node01",
      "provider": "provider[\"registry.terraform.io/yandex-cloud/yandex\"]",
      "instances": [
        {
          "schema_version": 1,
          "attributes": {
            "allow_recreate": null,
            "allow_stopping_for_update": true,
            "boot_disk": [
              {
                "auto_delete": true,
                "device_name": "fhml0lva0eajfimfal8m",
                "disk_id": "fhml0lva0eajfimfal8m",
                "initialize_params": [
                  {
                    "block_size": 4096,
                    "description": "",
                    "image_id": "fd88v2dg6ns5gh98d1lo",
                    "name": "root-node01",
                    "size": 10,
                    "snapshot_id": "",
                    "type": "network-ssd"
                  }
                ],
                "mode": "READ_WRITE"
              }
            ],
            "created_at": "2022-06-20T20:06:07Z",
            "description": "",
            "folder_id": "b1gsdofpv4kr8inq06a4",
            "fqdn": "node01.netology.yc",
            "hostname": "node01",
            "id": "fhm1ufuc4tecf2gtb7h3",
            "labels": null,
            "metadata": {
              "ssh-keys": "centos:ssh-rsa AAAAB3NzaC1yc2EAAAADAQABAAABgQCwlkS2HT56WyOh0EAp7yPW+aJFI298WFqMBPCnrL3HbO/4xGS0p5ZSN+Bsf9cU+JopwhkJx/bR4UQkU5ztEp4MT9QI+SNbazahRQNDyE2qii+ZxJlAQnZLQ718Z1NoYiQ4s740+TuSz7KDrmil67ElTztkelJ9oLznV7EBJSPeRK35fzkwrEPrJtGbekCGLgRpYglH+fTZWFfLQB27I3aOsLLu4LLj0Nc7ir60gzMsXAUp0ZkTxAB2czGst9uqKPyAGY8pNSqjGygZEZMK3jm7Q9m2TyBAzkKPkFquhHcIeZWExmoArJF+1+MyhVKK5Br4iWoFoOvWhy2l4wkx8X21+cEtUWWjt0PPkzA6J4mLFVOsbqpK8yZtoUQ37YoCFNTRISgmI+HgNOhPffsjqNpQ1BM/UYVVw228ZzjbVonuPFHq/dNGmbPVUuiuf2RyzD5aBWG7o9QAC/vUJjRRx3FLwaPkWCfO+ha2HJzAqDcxovZPBg6IPqhls0LQW/EVAtM= kulikov@kulikov-laptop\n"
            },
            "name": "node01",
            "network_acceleration_type": "standard",
            "network_interface": [
              {
                "dns_record": [],
                "index": 0,
                "ip_address": "192.168.101.11",
                "ipv4": true,
                "ipv6": false,
                "ipv6_address": "",
                "ipv6_dns_record": [],
                "mac_address": "d0:0d:1f:3f:cc:27",
                "nat": true,
                "nat_dns_record": [],
                "nat_ip_address": "51.250.65.195",
                "nat_ip_version": "IPV4",
                "security_group_ids": [],
                "subnet_id": "e9btl21tosrp3nv44uhm"
              }
            ],
            "placement_policy": [
              {
                "host_affinity_rules": [],
                "placement_group_id": ""
              }
            ],
            "platform_id": "standard-v1",
            "resources": [
              {
                "core_fraction": 100,
                "cores": 4,
                "gpus": 0,
                "memory": 8
              }
            ],
            "scheduling_policy": [
              {
                "preemptible": false
              }
            ],
            "secondary_disk": [],
            "service_account_id": "",
            "status": "running",
            "timeouts": null,
            "zone": "ru-central1-a"
          },
          "sensitive_attributes": [],
          "private": "eyJlMmJmYjczMC1lY2FhLTExZTYtOGY4OC0zNDM2M2JjN2M0YzAiOnsiY3JlYXRlIjozMDAwMDAwMDAwMDAsImRlbGV0ZSI6MzAwMDAwMDAwMDAwLCJ1cGRhdGUiOjMwMDAwMDAwMDAwMH0sInNjaGVtYV92ZXJzaW9uIjoiMSJ9",
          "dependencies": [
            "yandex_vpc_network.default",
            "yandex_vpc_subnet.default"
          ]
        }
      ]
    },
    {
      "mode": "managed",
      "type": "yandex_compute_instance",
      "name": "node02",
      "provider": "provider[\"registry.terraform.io/yandex-cloud/yandex\"]",
      "instances": [
        {
          "schema_version": 1,
          "attributes": {
            "allow_recreate": null,
            "allow_stopping_for_update": true,
            "boot_disk": [
              {
                "auto_delete": true,
                "device_name": "fhml343ioh8ng23h3qpt",
                "disk_id": "fhml343ioh8ng23h3qpt",
                "initialize_params": [
                  {
                    "block_size": 4096,
                    "description": "",
                    "image_id": "fd88v2dg6ns5gh98d1lo",
                    "name": "root-node02",
                    "size": 10,
                    "snapshot_id": "",
                    "type": "network-ssd"
                  }
                ],
                "mode": "READ_WRITE"
              }
            ],
            "created_at": "2022-06-20T20:06:07Z",
            "description": "",
            "folder_id": "b1gsdofpv4kr8inq06a4",
            "fqdn": "node02.netology.yc",
            "hostname": "node02",
            "id": "fhmv2p2mqg4ghtp0q4f7",
            "labels": null,
            "metadata": {
              "ssh-keys": "centos:ssh-rsa AAAAB3NzaC1yc2EAAAADAQABAAABgQCwlkS2HT56WyOh0EAp7yPW+aJFI298WFqMBPCnrL3HbO/4xGS0p5ZSN+Bsf9cU+JopwhkJx/bR4UQkU5ztEp4MT9QI+SNbazahRQNDyE2qii+ZxJlAQnZLQ718Z1NoYiQ4s740+TuSz7KDrmil67ElTztkelJ9oLznV7EBJSPeRK35fzkwrEPrJtGbekCGLgRpYglH+fTZWFfLQB27I3aOsLLu4LLj0Nc7ir60gzMsXAUp0ZkTxAB2czGst9uqKPyAGY8pNSqjGygZEZMK3jm7Q9m2TyBAzkKPkFquhHcIeZWExmoArJF+1+MyhVKK5Br4iWoFoOvWhy2l4wkx8X21+cEtUWWjt0PPkzA6J4mLFVOsbqpK8yZtoUQ37YoCFNTRISgmI+HgNOhPffsjqNpQ1BM/UYVVw228ZzjbVonuPFHq/dNGmbPVUuiuf2RyzD5aBWG7o9QAC/vUJjRRx3FLwaPkWCfO+ha2HJzAqDcxovZPBg6IPqhls0LQW/EVAtM= kulikov@kulikov-laptop\n"
            },
            "name": "node02",
            "network_acceleration_type": "standard",
            "network_interface": [
              {
                "dns_record": [],
                "index": 0,
                "ip_address": "192.168.101.12",
                "ipv4": true,
                "ipv6": false,
                "ipv6_address": "",
                "ipv6_dns_record": [],
                "mac_address": "d0:0d:1f:16:45:6d",
                "nat": true,
                "nat_dns_record": [],
                "nat_ip_address": "51.250.67.70",
                "nat_ip_version": "IPV4",
                "security_group_ids": [],
                "subnet_id": "e9btl21tosrp3nv44uhm"
              }
            ],
            "placement_policy": [
              {
                "host_affinity_rules": [],
                "placement_group_id": ""
              }
            ],
            "platform_id": "standard-v1",
            "resources": [
              {
                "core_fraction": 100,
                "cores": 4,
                "gpus": 0,
                "memory": 8
              }
            ],
            "scheduling_policy": [
              {
                "preemptible": false
              }
            ],
            "secondary_disk": [],
            "service_account_id": "",
            "status": "running",
            "timeouts": null,
            "zone": "ru-central1-a"
          },
          "sensitive_attributes": [],
          "private": "eyJlMmJmYjczMC1lY2FhLTExZTYtOGY4OC0zNDM2M2JjN2M0YzAiOnsiY3JlYXRlIjozMDAwMDAwMDAwMDAsImRlbGV0ZSI6MzAwMDAwMDAwMDAwLCJ1cGRhdGUiOjMwMDAwMDAwMDAwMH0sInNjaGVtYV92ZXJzaW9uIjoiMSJ9",
          "dependencies": [
            "yandex_vpc_network.default",
            "yandex_vpc_subnet.default"
          ]
        }
      ]
    },
    {
      "mode": "managed",
      "type": "yandex_compute_instance",
      "name": "node03",
      "provider": "provider[\"registry.terraform.io/yandex-cloud/yandex\"]",
      "instances": [
        {
          "schema_version": 1,
          "attributes": {
            "allow_recreate": null,
            "allow_stopping_for_update": true,
            "boot_disk": [
              {
                "auto_delete": true,
                "device_name": "fhmausvo41h9a53g7sg9",
                "disk_id": "fhmausvo41h9a53g7sg9",
                "initialize_params": [
                  {
                    "block_size": 4096,
                    "description": "",
                    "image_id": "fd88v2dg6ns5gh98d1lo",
                    "name": "root-node03",
                    "size": 10,
                    "snapshot_id": "",
                    "type": "network-ssd"
                  }
                ],
                "mode": "READ_WRITE"
              }
            ],
            "created_at": "2022-06-20T20:06:07Z",
            "description": "",
            "folder_id": "b1gsdofpv4kr8inq06a4",
            "fqdn": "node03.netology.yc",
            "hostname": "node03",
            "id": "fhm82pnoii0mslh3640p",
            "labels": null,
            "metadata": {
              "ssh-keys": "centos:ssh-rsa AAAAB3NzaC1yc2EAAAADAQABAAABgQCwlkS2HT56WyOh0EAp7yPW+aJFI298WFqMBPCnrL3HbO/4xGS0p5ZSN+Bsf9cU+JopwhkJx/bR4UQkU5ztEp4MT9QI+SNbazahRQNDyE2qii+ZxJlAQnZLQ718Z1NoYiQ4s740+TuSz7KDrmil67ElTztkelJ9oLznV7EBJSPeRK35fzkwrEPrJtGbekCGLgRpYglH+fTZWFfLQB27I3aOsLLu4LLj0Nc7ir60gzMsXAUp0ZkTxAB2czGst9uqKPyAGY8pNSqjGygZEZMK3jm7Q9m2TyBAzkKPkFquhHcIeZWExmoArJF+1+MyhVKK5Br4iWoFoOvWhy2l4wkx8X21+cEtUWWjt0PPkzA6J4mLFVOsbqpK8yZtoUQ37YoCFNTRISgmI+HgNOhPffsjqNpQ1BM/UYVVw228ZzjbVonuPFHq/dNGmbPVUuiuf2RyzD5aBWG7o9QAC/vUJjRRx3FLwaPkWCfO+ha2HJzAqDcxovZPBg6IPqhls0LQW/EVAtM= kulikov@kulikov-laptop\n"
            },
            "name": "node03",
            "network_acceleration_type": "standard",
            "network_interface": [
              {
                "dns_record": [],
                "index": 0,
                "ip_address": "192.168.101.13",
                "ipv4": true,
                "ipv6": false,
                "ipv6_address": "",
                "ipv6_dns_record": [],
                "mac_address": "d0:0d:81:66:f8:94",
                "nat": true,
                "nat_dns_record": [],
                "nat_ip_address": "51.250.95.107",
                "nat_ip_version": "IPV4",
                "security_group_ids": [],
                "subnet_id": "e9btl21tosrp3nv44uhm"
              }
            ],
            "placement_policy": [
              {
                "host_affinity_rules": [],
                "placement_group_id": ""
              }
            ],
            "platform_id": "standard-v1",
            "resources": [
              {
                "core_fraction": 100,
                "cores": 4,
                "gpus": 0,
                "memory": 8
              }
            ],
            "scheduling_policy": [
              {
                "preemptible": false
              }
            ],
            "secondary_disk": [],
            "service_account_id": "",
            "status": "running",
            "timeouts": null,
            "zone": "ru-central1-a"
          },
          "sensitive_attributes": [],
          "private": "eyJlMmJmYjczMC1lY2FhLTExZTYtOGY4OC0zNDM2M2JjN2M0YzAiOnsiY3JlYXRlIjozMDAwMDAwMDAwMDAsImRlbGV0ZSI6MzAwMDAwMDAwMDAwLCJ1cGRhdGUiOjMwMDAwMDAwMDAwMH0sInNjaGVtYV92ZXJzaW9uIjoiMSJ9",
          "dependencies": [
            "yandex_vpc_network.default",
            "yandex_vpc_subnet.default"
          ]
        }
      ]
    },
    {
      "mode": "managed",
      "type": "yandex_compute_instance",
      "name": "node04",
      "provider": "provider[\"registry.terraform.io/yandex-cloud/yandex\"]",
      "instances": [
        {
          "schema_version": 1,
          "attributes": {
            "allow_recreate": null,
            "allow_stopping_for_update": true,
            "boot_disk": [
              {
                "auto_delete": true,
                "device_name": "fhm6d808l644or3df4dm",
                "disk_id": "fhm6d808l644or3df4dm",
                "initialize_params": [
                  {
                    "block_size": 4096,
                    "description": "",
                    "image_id": "fd88v2dg6ns5gh98d1lo",
                    "name": "root-node04",
                    "size": 40,
                    "snapshot_id": "",
                    "type": "network-ssd"
                  }
                ],
                "mode": "READ_WRITE"
              }
            ],
            "created_at": "2022-06-20T20:06:07Z",
            "description": "",
            "folder_id": "b1gsdofpv4kr8inq06a4",
            "fqdn": "node04.netology.yc",
            "hostname": "node04",
            "id": "fhm2fj279t0fiulatmse",
            "labels": null,
            "metadata": {
              "ssh-keys": "centos:ssh-rsa AAAAB3NzaC1yc2EAAAADAQABAAABgQCwlkS2HT56WyOh0EAp7yPW+aJFI298WFqMBPCnrL3HbO/4xGS0p5ZSN+Bsf9cU+JopwhkJx/bR4UQkU5ztEp4MT9QI+SNbazahRQNDyE2qii+ZxJlAQnZLQ718Z1NoYiQ4s740+TuSz7KDrmil67ElTztkelJ9oLznV7EBJSPeRK35fzkwrEPrJtGbekCGLgRpYglH+fTZWFfLQB27I3aOsLLu4LLj0Nc7ir60gzMsXAUp0ZkTxAB2czGst9uqKPyAGY8pNSqjGygZEZMK3jm7Q9m2TyBAzkKPkFquhHcIeZWExmoArJF+1+MyhVKK5Br4iWoFoOvWhy2l4wkx8X21+cEtUWWjt0PPkzA6J4mLFVOsbqpK8yZtoUQ37YoCFNTRISgmI+HgNOhPffsjqNpQ1BM/UYVVw228ZzjbVonuPFHq/dNGmbPVUuiuf2RyzD5aBWG7o9QAC/vUJjRRx3FLwaPkWCfO+ha2HJzAqDcxovZPBg6IPqhls0LQW/EVAtM= kulikov@kulikov-laptop\n"
            },
            "name": "node04",
            "network_acceleration_type": "standard",
            "network_interface": [
              {
                "dns_record": [],
                "index": 0,
                "ip_address": "192.168.101.14",
                "ipv4": true,
                "ipv6": false,
                "ipv6_address": "",
                "ipv6_dns_record": [],
                "mac_address": "d0:0d:27:cc:47:4f",
                "nat": true,
                "nat_dns_record": [],
                "nat_ip_address": "51.250.94.132",
                "nat_ip_version": "IPV4",
                "security_group_ids": [],
                "subnet_id": "e9btl21tosrp3nv44uhm"
              }
            ],
            "placement_policy": [
              {
                "host_affinity_rules": [],
                "placement_group_id": ""
              }
            ],
            "platform_id": "standard-v1",
            "resources": [
              {
                "core_fraction": 100,
                "cores": 4,
                "gpus": 0,
                "memory": 8
              }
            ],
            "scheduling_policy": [
              {
                "preemptible": false
              }
            ],
            "secondary_disk": [],
            "service_account_id": "",
            "status": "running",
            "timeouts": null,
            "zone": "ru-central1-a"
          },
          "sensitive_attributes": [],
          "private": "eyJlMmJmYjczMC1lY2FhLTExZTYtOGY4OC0zNDM2M2JjN2M0YzAiOnsiY3JlYXRlIjozMDAwMDAwMDAwMDAsImRlbGV0ZSI6MzAwMDAwMDAwMDAwLCJ1cGRhdGUiOjMwMDAwMDAwMDAwMH0sInNjaGVtYV92ZXJzaW9uIjoiMSJ9",
          "dependencies": [
            "yandex_vpc_network.default",
            "yandex_vpc_subnet.default"
          ]
        }
      ]
    },
    {
      "mode": "managed",
      "type": "yandex_compute_instance",
      "name": "node05",
      "provider": "provider[\"registry.terraform.io/yandex-cloud/yandex\"]",
      "instances": [
        {
          "schema_version": 1,
          "attributes": {
            "allow_recreate": null,
            "allow_stopping_for_update": true,
            "boot_disk": [
              {
                "auto_delete": true,
                "device_name": "fhm2a03s1c7sm81n4n9a",
                "disk_id": "fhm2a03s1c7sm81n4n9a",
                "initialize_params": [
                  {
                    "block_size": 4096,
                    "description": "",
                    "image_id": "fd88v2dg6ns5gh98d1lo",
                    "name": "root-node05",
                    "size": 40,
                    "snapshot_id": "",
                    "type": "network-ssd"
                  }
                ],
                "mode": "READ_WRITE"
              }
            ],
            "created_at": "2022-06-20T20:06:07Z",
            "description": "",
            "folder_id": "b1gsdofpv4kr8inq06a4",
            "fqdn": "node05.netology.yc",
            "hostname": "node05",
            "id": "fhm6n99nnrm01d0l2nb2",
            "labels": null,
            "metadata": {
              "ssh-keys": "centos:ssh-rsa AAAAB3NzaC1yc2EAAAADAQABAAABgQCwlkS2HT56WyOh0EAp7yPW+aJFI298WFqMBPCnrL3HbO/4xGS0p5ZSN+Bsf9cU+JopwhkJx/bR4UQkU5ztEp4MT9QI+SNbazahRQNDyE2qii+ZxJlAQnZLQ718Z1NoYiQ4s740+TuSz7KDrmil67ElTztkelJ9oLznV7EBJSPeRK35fzkwrEPrJtGbekCGLgRpYglH+fTZWFfLQB27I3aOsLLu4LLj0Nc7ir60gzMsXAUp0ZkTxAB2czGst9uqKPyAGY8pNSqjGygZEZMK3jm7Q9m2TyBAzkKPkFquhHcIeZWExmoArJF+1+MyhVKK5Br4iWoFoOvWhy2l4wkx8X21+cEtUWWjt0PPkzA6J4mLFVOsbqpK8yZtoUQ37YoCFNTRISgmI+HgNOhPffsjqNpQ1BM/UYVVw228ZzjbVonuPFHq/dNGmbPVUuiuf2RyzD5aBWG7o9QAC/vUJjRRx3FLwaPkWCfO+ha2HJzAqDcxovZPBg6IPqhls0LQW/EVAtM= kulikov@kulikov-laptop\n"
            },
            "name": "node05",
            "network_acceleration_type": "standard",
            "network_interface": [
              {
                "dns_record": [],
                "index": 0,
                "ip_address": "192.168.101.15",
                "ipv4": true,
                "ipv6": false,
                "ipv6_address": "",
                "ipv6_dns_record": [],
                "mac_address": "d0:0d:6b:a5:37:be",
                "nat": true,
                "nat_dns_record": [],
                "nat_ip_address": "51.250.82.165",
                "nat_ip_version": "IPV4",
                "security_group_ids": [],
                "subnet_id": "e9btl21tosrp3nv44uhm"
              }
            ],
            "placement_policy": [
              {
                "host_affinity_rules": [],
                "placement_group_id": ""
              }
            ],
            "platform_id": "standard-v1",
            "resources": [
              {
                "core_fraction": 100,
                "cores": 4,
                "gpus": 0,
                "memory": 8
              }
            ],
            "scheduling_policy": [
              {
                "preemptible": false
              }
            ],
            "secondary_disk": [],
            "service_account_id": "",
            "status": "running",
            "timeouts": null,
            "zone": "ru-central1-a"
          },
          "sensitive_attributes": [],
          "private": "eyJlMmJmYjczMC1lY2FhLTExZTYtOGY4OC0zNDM2M2JjN2M0YzAiOnsiY3JlYXRlIjozMDAwMDAwMDAwMDAsImRlbGV0ZSI6MzAwMDAwMDAwMDAwLCJ1cGRhdGUiOjMwMDAwMDAwMDAwMH0sInNjaGVtYV92ZXJzaW9uIjoiMSJ9",
          "dependencies": [
            "yandex_vpc_network.default",
            "yandex_vpc_subnet.default"
          ]
        }
      ]
    },
    {
      "mode": "managed",
      "type": "yandex_compute_instance",
      "name": "node06",
      "provider": "provider[\"registry.terraform.io/yandex-cloud/yandex\"]",
      "instances": [
        {
          "schema_version": 1,
          "attributes": {
            "allow_recreate": null,
            "allow_stopping_for_update": true,
            "boot_disk": [
              {
                "auto_delete": true,
                "device_name": "fhmjds0q8vp1pose4256",
                "disk_id": "fhmjds0q8vp1pose4256",
                "initialize_params": [
                  {
                    "block_size": 4096,
                    "description": "",
                    "image_id": "fd88v2dg6ns5gh98d1lo",
                    "name": "root-node06",
                    "size": 40,
                    "snapshot_id": "",
                    "type": "network-ssd"
                  }
                ],
                "mode": "READ_WRITE"
              }
            ],
            "created_at": "2022-06-20T20:06:07Z",
            "description": "",
            "folder_id": "b1gsdofpv4kr8inq06a4",
            "fqdn": "node06.netology.yc",
            "hostname": "node06",
            "id": "fhmjefmh3ern1h2piqji",
            "labels": null,
            "metadata": {
              "ssh-keys": "centos:ssh-rsa AAAAB3NzaC1yc2EAAAADAQABAAABgQCwlkS2HT56WyOh0EAp7yPW+aJFI298WFqMBPCnrL3HbO/4xGS0p5ZSN+Bsf9cU+JopwhkJx/bR4UQkU5ztEp4MT9QI+SNbazahRQNDyE2qii+ZxJlAQnZLQ718Z1NoYiQ4s740+TuSz7KDrmil67ElTztkelJ9oLznV7EBJSPeRK35fzkwrEPrJtGbekCGLgRpYglH+fTZWFfLQB27I3aOsLLu4LLj0Nc7ir60gzMsXAUp0ZkTxAB2czGst9uqKPyAGY8pNSqjGygZEZMK3jm7Q9m2TyBAzkKPkFquhHcIeZWExmoArJF+1+MyhVKK5Br4iWoFoOvWhy2l4wkx8X21+cEtUWWjt0PPkzA6J4mLFVOsbqpK8yZtoUQ37YoCFNTRISgmI+HgNOhPffsjqNpQ1BM/UYVVw228ZzjbVonuPFHq/dNGmbPVUuiuf2RyzD5aBWG7o9QAC/vUJjRRx3FLwaPkWCfO+ha2HJzAqDcxovZPBg6IPqhls0LQW/EVAtM= kulikov@kulikov-laptop\n"
            },
            "name": "node06",
            "network_acceleration_type": "standard",
            "network_interface": [
              {
                "dns_record": [],
                "index": 0,
                "ip_address": "192.168.101.16",
                "ipv4": true,
                "ipv6": false,
                "ipv6_address": "",
                "ipv6_dns_record": [],
                "mac_address": "d0:0d:13:73:ed:11",
                "nat": true,
                "nat_dns_record": [],
                "nat_ip_address": "51.250.81.248",
                "nat_ip_version": "IPV4",
                "security_group_ids": [],
                "subnet_id": "e9btl21tosrp3nv44uhm"
              }
            ],
            "placement_policy": [
              {
                "host_affinity_rules": [],
                "placement_group_id": ""
              }
            ],
            "platform_id": "standard-v1",
            "resources": [
              {
                "core_fraction": 100,
                "cores": 4,
                "gpus": 0,
                "memory": 8
              }
            ],
            "scheduling_policy": [
              {
                "preemptible": false
              }
            ],
            "secondary_disk": [],
            "service_account_id": "",
            "status": "running",
            "timeouts": null,
            "zone": "ru-central1-a"
          },
          "sensitive_attributes": [],
          "private": "eyJlMmJmYjczMC1lY2FhLTExZTYtOGY4OC0zNDM2M2JjN2M0YzAiOnsiY3JlYXRlIjozMDAwMDAwMDAwMDAsImRlbGV0ZSI6MzAwMDAwMDAwMDAwLCJ1cGRhdGUiOjMwMDAwMDAwMDAwMH0sInNjaGVtYV92ZXJzaW9uIjoiMSJ9",
          "dependencies": [
            "yandex_vpc_network.default",
            "yandex_vpc_subnet.default"
          ]
        }
      ]
    },
    {
      "mode": "managed",
      "type": "yandex_vpc_network",
      "name": "default",
      "provider": "provider[\"registry.terraform.io/yandex-cloud/yandex\"]",
      "instances": [
        {
          "schema_version": 0,
          "attributes": {
            "created_at": "2022-06-20T20:06:04Z",
            "default_security_group_id": "",
            "description": "",
            "folder_id": "b1gsdofpv4kr8inq06a4",
            "id": "enpc1hagcnre4u0lqhlo",
            "labels": {},
            "name": "net",
            "subnet_ids": [],
            "timeouts": null
          },
          "sensitive_attributes": [],
          "private": "eyJlMmJmYjczMC1lY2FhLTExZTYtOGY4OC0zNDM2M2JjN2M0YzAiOnsiY3JlYXRlIjo2MDAwMDAwMDAwMCwiZGVsZXRlIjo2MDAwMDAwMDAwMCwidXBkYXRlIjo2MDAwMDAwMDAwMH19"
        }
      ]
    },
    {
      "mode": "managed",
      "type": "yandex_vpc_subnet",
      "name": "default",
      "provider": "provider[\"registry.terraform.io/yandex-cloud/yandex\"]",
      "instances": [
        {
          "schema_version": 0,
          "attributes": {
            "created_at": "2022-06-20T20:06:05Z",
            "description": "",
            "dhcp_options": [],
            "folder_id": "b1gsdofpv4kr8inq06a4",
            "id": "e9btl21tosrp3nv44uhm",
            "labels": {},
            "name": "subnet",
            "network_id": "enpc1hagcnre4u0lqhlo",
            "route_table_id": "",
            "timeouts": null,
            "v4_cidr_blocks": [
              "192.168.101.0/24"
            ],
            "v6_cidr_blocks": [],
            "zone": "ru-central1-a"
          },
          "sensitive_attributes": [],
          "private": "eyJlMmJmYjczMC1lY2FhLTExZTYtOGY4OC0zNDM2M2JjN2M0YzAiOnsiY3JlYXRlIjoxODAwMDAwMDAwMDAsImRlbGV0ZSI6MTgwMDAwMDAwMDAwLCJ1cGRhdGUiOjE4MDAwMDAwMDAwMH19",
          "dependencies": [
            "yandex_vpc_network.default"
          ]
        }
      ]
    }
  ]
}
